
Microsoft Visual Studio Solution File, Format Version 12.00
# Visual Studio 15
VisualStudioVersion = 15.0.27130.2010
MinimumVisualStudioVersion = 10.0.40219.1
Project("{FAE04EC0-301F-11D3-BF4B-00C04F79EFBC}") = "Ahmet.Framework07.Regs", "Ahmet.Framework07.Regs\Ahmet.Framework07.Regs.csproj", "{D40B9936-F5BE-4E8F-AE23-9BD30A6460C7}"
EndProject
Global
	GlobalSection(SolutionConfigurationPlatforms) = preSolution
		Debug|Any CPU = Debug|Any CPU
		Release|Any CPU = Release|Any CPU
	EndGlobalSection
	GlobalSection(ProjectConfigurationPlatforms) = postSolution
		{D40B9936-F5BE-4E8F-AE23-9BD30A6460C7}.Debug|Any CPU.ActiveCfg = Debug|Any CPU
		{D40B9936-F5BE-4E8F-AE23-9BD30A6460C7}.Debug|Any CPU.Build.0 = Debug|Any CPU
		{D40B9936-F5BE-4E8F-AE23-9BD30A6460C7}.Release|Any CPU.ActiveCfg = Release|Any CPU
		{D40B9936-F5BE-4E8F-AE23-9BD30A6460C7}.Release|Any CPU.Build.0 = Release|Any CPU
	EndGlobalSection
	GlobalSection(SolutionProperties) = preSolution
		HideSolutionNode = FALSE
	EndGlobalSection
	GlobalSection(ExtensibilityGlobals) = postSolution
		SolutionGuid = {2C85AE5A-9E21-4067-A7BD-42BA6AB594CA}
	EndGlobalSection
EndGlobal
